
Microsoft Visual Studio Solution File, Format Version 12.00
# Visual Studio Version 16
VisualStudioVersion = 16.0.29709.97
MinimumVisualStudioVersion = 10.0.40219.1
Project("{FAE04EC0-301F-11D3-BF4B-00C04F79EFBC}") = "cryptage", "cryptage.csproj", "{EF9A1843-074D-41CB-8D45-93AFC5DAB15B}"
EndProject
Global
	GlobalSection(SolutionConfigurationPlatforms) = preSolution
		Debug|Any CPU = Debug|Any CPU
		Release|Any CPU = Release|Any CPU
	EndGlobalSection
	GlobalSection(ProjectConfigurationPlatforms) = postSolution
		{EF9A1843-074D-41CB-8D45-93AFC5DAB15B}.Debug|Any CPU.ActiveCfg = Debug|Any CPU
		{EF9A1843-074D-41CB-8D45-93AFC5DAB15B}.Debug|Any CPU.Build.0 = Debug|Any CPU
		{EF9A1843-074D-41CB-8D45-93AFC5DAB15B}.Release|Any CPU.ActiveCfg = Release|Any CPU
		{EF9A1843-074D-41CB-8D45-93AFC5DAB15B}.Release|Any CPU.Build.0 = Release|Any CPU
	EndGlobalSection
	GlobalSection(SolutionProperties) = preSolution
		HideSolutionNode = FALSE
	EndGlobalSection
	GlobalSection(ExtensibilityGlobals) = postSolution
		SolutionGuid = {0E97C42B-6590-4F61-8E22-D8DEC8A28237}
	EndGlobalSection
EndGlobal
